
Microsoft Visual Studio Solution File, Format Version 12.00
# Visual Studio Version 16
VisualStudioVersion = 16.0.30517.126
MinimumVisualStudioVersion = 10.0.40219.1
Project("{2150E333-8FDC-42A3-9474-1A3956D46DE8}") = "Application", "Application", "{9A6394EE-8BAF-4282-86F8-65ABE7108A1B}"
EndProject
Project("{2150E333-8FDC-42A3-9474-1A3956D46DE8}") = "Domain", "Domain", "{BF758B7D-8E80-4543-B9C3-3D6865BA3E08}"
EndProject
Project("{2150E333-8FDC-42A3-9474-1A3956D46DE8}") = "Infra.IoC", "Infra.IoC", "{43354FF3-4F3E-414A-850B-0A46B72374D1}"
EndProject
Project("{2150E333-8FDC-42A3-9474-1A3956D46DE8}") = "Infra.Data", "Infra.Data", "{EFE33D39-3F0F-4130-A379-0F519311E159}"
EndProject
Project("{2150E333-8FDC-42A3-9474-1A3956D46DE8}") = "Presentation", "Presentation", "{40C4AA5A-E749-4072-AFBB-23D9AA694C1D}"
EndProject
Project("{9A19103F-16F7-4668-BE54-9A1E7A4F7556}") = "CleanArch.Mvc", "CleanArch.Mvc\CleanArch.Mvc.csproj", "{9F7A2762-B2D4-42B6-8666-261011DFDAF2}"
EndProject
Project("{9A19103F-16F7-4668-BE54-9A1E7A4F7556}") = "CleanArch.Domain", "CleanArch.Domain\CleanArch.Domain.csproj", "{1204EE8C-1A9D-4E39-A2F3-7D07EF70ECD2}"
EndProject
Project("{9A19103F-16F7-4668-BE54-9A1E7A4F7556}") = "CleanArch.Infra.Data", "CleanArch.Infra.Data\CleanArch.Infra.Data.csproj", "{665B5428-A260-4A8A-BA28-8C0BD9CCCAF8}"
EndProject
Project("{9A19103F-16F7-4668-BE54-9A1E7A4F7556}") = "CleanArch.Application", "CleanArch.Application\CleanArch.Application.csproj", "{F9C3D17A-C179-473B-8691-EA961578FF16}"
EndProject
Project("{9A19103F-16F7-4668-BE54-9A1E7A4F7556}") = "CleanArch.Infra.IoC", "CleanArch.Infra.IoC\CleanArch.Infra.IoC.csproj", "{B4DD1803-36C4-49EA-8FCE-0AD2F2937B10}"
EndProject
Project("{2150E333-8FDC-42A3-9474-1A3956D46DE8}") = "Infra.Bus", "Infra.Bus", "{AAA7F97C-7ACB-4BF2-AE1C-A07187F8357F}"
EndProject
Project("{2150E333-8FDC-42A3-9474-1A3956D46DE8}") = "Api", "Api", "{24A04A25-38AB-49A2-AF24-B1A3DA8B2691}"
EndProject
Global
	GlobalSection(SolutionConfigurationPlatforms) = preSolution
		Debug|Any CPU = Debug|Any CPU
		Release|Any CPU = Release|Any CPU
	EndGlobalSection
	GlobalSection(ProjectConfigurationPlatforms) = postSolution
		{9F7A2762-B2D4-42B6-8666-261011DFDAF2}.Debug|Any CPU.ActiveCfg = Debug|Any CPU
		{9F7A2762-B2D4-42B6-8666-261011DFDAF2}.Debug|Any CPU.Build.0 = Debug|Any CPU
		{9F7A2762-B2D4-42B6-8666-261011DFDAF2}.Release|Any CPU.ActiveCfg = Release|Any CPU
		{9F7A2762-B2D4-42B6-8666-261011DFDAF2}.Release|Any CPU.Build.0 = Release|Any CPU
		{1204EE8C-1A9D-4E39-A2F3-7D07EF70ECD2}.Debug|Any CPU.ActiveCfg = Debug|Any CPU
		{1204EE8C-1A9D-4E39-A2F3-7D07EF70ECD2}.Debug|Any CPU.Build.0 = Debug|Any CPU
		{1204EE8C-1A9D-4E39-A2F3-7D07EF70ECD2}.Release|Any CPU.ActiveCfg = Release|Any CPU
		{1204EE8C-1A9D-4E39-A2F3-7D07EF70ECD2}.Release|Any CPU.Build.0 = Release|Any CPU
		{665B5428-A260-4A8A-BA28-8C0BD9CCCAF8}.Debug|Any CPU.ActiveCfg = Debug|Any CPU
		{665B5428-A260-4A8A-BA28-8C0BD9CCCAF8}.Debug|Any CPU.Build.0 = Debug|Any CPU
		{665B5428-A260-4A8A-BA28-8C0BD9CCCAF8}.Release|Any CPU.ActiveCfg = Release|Any CPU
		{665B5428-A260-4A8A-BA28-8C0BD9CCCAF8}.Release|Any CPU.Build.0 = Release|Any CPU
		{F9C3D17A-C179-473B-8691-EA961578FF16}.Debug|Any CPU.ActiveCfg = Debug|Any CPU
		{F9C3D17A-C179-473B-8691-EA961578FF16}.Debug|Any CPU.Build.0 = Debug|Any CPU
		{F9C3D17A-C179-473B-8691-EA961578FF16}.Release|Any CPU.ActiveCfg = Release|Any CPU
		{F9C3D17A-C179-473B-8691-EA961578FF16}.Release|Any CPU.Build.0 = Release|Any CPU
		{B4DD1803-36C4-49EA-8FCE-0AD2F2937B10}.Debug|Any CPU.ActiveCfg = Debug|Any CPU
		{B4DD1803-36C4-49EA-8FCE-0AD2F2937B10}.Debug|Any CPU.Build.0 = Debug|Any CPU
		{B4DD1803-36C4-49EA-8FCE-0AD2F2937B10}.Release|Any CPU.ActiveCfg = Release|Any CPU
		{B4DD1803-36C4-49EA-8FCE-0AD2F2937B10}.Release|Any CPU.Build.0 = Release|Any CPU
	EndGlobalSection
	GlobalSection(SolutionProperties) = preSolution
		HideSolutionNode = FALSE
	EndGlobalSection
	GlobalSection(NestedProjects) = preSolution
		{9F7A2762-B2D4-42B6-8666-261011DFDAF2} = {40C4AA5A-E749-4072-AFBB-23D9AA694C1D}
		{1204EE8C-1A9D-4E39-A2F3-7D07EF70ECD2} = {BF758B7D-8E80-4543-B9C3-3D6865BA3E08}
		{665B5428-A260-4A8A-BA28-8C0BD9CCCAF8} = {EFE33D39-3F0F-4130-A379-0F519311E159}
		{F9C3D17A-C179-473B-8691-EA961578FF16} = {9A6394EE-8BAF-4282-86F8-65ABE7108A1B}
		{B4DD1803-36C4-49EA-8FCE-0AD2F2937B10} = {43354FF3-4F3E-414A-850B-0A46B72374D1}
	EndGlobalSection
	GlobalSection(ExtensibilityGlobals) = postSolution
		SolutionGuid = {79EB59EF-D3EF-4F63-8465-1F9178C2681C}
	EndGlobalSection
EndGlobal
